{
  "name": ".opencode",
  "lockfileVersion": 3,
  "requires": true,
  "packages": {
    "": {
      "dependencies": {
        "@opencode-ai/plugin": "1.2.15",
        "@opencode-ai/sdk": "1.2.15"
      }
    },
    "node_modules/@opencode-ai/plugin": {
      "version": "1.2.15",
      "resolved": "https://registry.npmjs.org/@opencode-ai/plugin/-/plugin-1.2.15.tgz",
      "integrity": "sha512-mh9S05W+CZZmo6q3uIEBubS66QVgiev7fRafX7vemrCfz+3pEIkSwipLjU/sxIewC9yLiDWLqS73DH/iEQzVDw==",
      "license": "MIT",
      "dependencies": {
        "@opencode-ai/sdk": "1.2.15",
        "zod": "4.1.8"
      }
    },
    "node_modules/@opencode-ai/sdk": {
      "version": "1.2.15",
      "resolved": "https://registry.npmjs.org/@opencode-ai/sdk/-/sdk-1.2.15.tgz",
      "integrity": "sha512-NUJNlyBCdZ4R0EBLjJziEQOp2XbRPJosaMcTcWSWO5XJPKGUpz0u8ql+5cR8K+v2RJ+hp2NobtNwpjEYfe6BRQ==",
      "license": "MIT"
    },
    "node_modules/zod": {
      "version": "4.1.8",
      "license": "MIT",
      "funding": {
        "url": "https://github.com/sponsors/colinhacks"
      }
    }
  }
}
